// !$*UTF8*$!
{
	archiveVersion = 1;
	classes = {
	};
	objectVersion = 56;
	objects = {

/* Begin PBXBuildFile section */
		46334A7D2B13D5250077AF90 /* ANNativeAdView.swift in Sources */ = {isa = PBXBuildFile; fileRef = 46334A772B13D5240077AF90 /* ANNativeAdView.swift */; };
		46334A7E2B13D5250077AF90 /* ANNativeAdView.xib in Resources */ = {isa = PBXBuildFile; fileRef = 46334A7C2B13D5250077AF90 /* ANNativeAdView.xib */; };
		46F7A6682B0BE9E000E53058 /* SimpleIntegrationSwiftUIApp.swift in Sources */ = {isa = PBXBuildFile; fileRef = 46F7A6672B0BE9E000E53058 /* SimpleIntegrationSwiftUIApp.swift */; };
		46F7A66A2B0BE9E000E53058 /* AdListContentView.swift in Sources */ = {isa = PBXBuildFile; fileRef = 46F7A6692B0BE9E000E53058 /* AdListContentView.swift */; };
		46F7A66C2B0BE9E200E53058 /* Assets.xcassets in Resources */ = {isa = PBXBuildFile; fileRef = 46F7A66B2B0BE9E200E53058 /* Assets.xcassets */; };
		46F7A66F2B0BE9E200E53058 /* Preview Assets.xcassets in Resources */ = {isa = PBXBuildFile; fileRef = 46F7A66E2B0BE9E200E53058 /* Preview Assets.xcassets */; };
		46F7A68A2B0BEB9600E53058 /* BannerAdDetailView.swift in Sources */ = {isa = PBXBuildFile; fileRef = 46F7A6892B0BEB9600E53058 /* BannerAdDetailView.swift */; };
		46F7A68E2B0BEBDE00E53058 /* NativeAdDetailView.swift in Sources */ = {isa = PBXBuildFile; fileRef = 46F7A68B2B0BEBDE00E53058 /* NativeAdDetailView.swift */; };
		46F7A6902B0BEBDE00E53058 /* InterstitialAdDetailView.swift in Sources */ = {isa = PBXBuildFile; fileRef = 46F7A68D2B0BEBDE00E53058 /* InterstitialAdDetailView.swift */; };
		46F7A6922B0BEBEF00E53058 /* VideoAdDetailView.swift in Sources */ = {isa = PBXBuildFile; fileRef = 46F7A6912B0BEBEF00E53058 /* VideoAdDetailView.swift */; };
		D2BC336069AFF68E0FCC8DE9 /* Pods_SimpleIntegrationSwiftUI.framework in Frameworks */ = {isa = PBXBuildFile; fileRef = 4A47E79F576D1027945CC98F /* Pods_SimpleIntegrationSwiftUI.framework */; };
/* End PBXBuildFile section */

/* Begin PBXCopyFilesBuildPhase section */
		46F7A6872B0BEA1900E53058 /* Embed Frameworks */ = {
			isa = PBXCopyFilesBuildPhase;
			buildActionMask = 2147483647;
			dstPath = "";
			dstSubfolderSpec = 10;
			files = (
			);
			name = "Embed Frameworks";
			runOnlyForDeploymentPostprocessing = 0;
		};
/* End PBXCopyFilesBuildPhase section */

/* Begin PBXFileReference section */
		2829FF5D7E770A5982FBB47B /* Pods-SimpleIntegrationSwiftUI.release.xcconfig */ = {isa = PBXFileReference; includeInIndex = 1; lastKnownFileType = text.xcconfig; name = "Pods-SimpleIntegrationSwiftUI.release.xcconfig"; path = "Target Support Files/Pods-SimpleIntegrationSwiftUI/Pods-SimpleIntegrationSwiftUI.release.xcconfig"; sourceTree = "<group>"; };
		46334A772B13D5240077AF90 /* ANNativeAdView.swift */ = {isa = PBXFileReference; fileEncoding = 4; lastKnownFileType = sourcecode.swift; path = ANNativeAdView.swift; sourceTree = "<group>"; };
		46334A7C2B13D5250077AF90 /* ANNativeAdView.xib */ = {isa = PBXFileReference; fileEncoding = 4; lastKnownFileType = file.xib; path = ANNativeAdView.xib; sourceTree = "<group>"; };
		46F7A6642B0BE9E000E53058 /* SimpleIntegrationSwiftUI.app */ = {isa = PBXFileReference; explicitFileType = wrapper.application; includeInIndex = 0; path = SimpleIntegrationSwiftUI.app; sourceTree = BUILT_PRODUCTS_DIR; };
		46F7A6672B0BE9E000E53058 /* SimpleIntegrationSwiftUIApp.swift */ = {isa = PBXFileReference; lastKnownFileType = sourcecode.swift; path = SimpleIntegrationSwiftUIApp.swift; sourceTree = "<group>"; };
		46F7A6692B0BE9E000E53058 /* AdListContentView.swift */ = {isa = PBXFileReference; lastKnownFileType = sourcecode.swift; path = AdListContentView.swift; sourceTree = "<group>"; };
		46F7A66B2B0BE9E200E53058 /* Assets.xcassets */ = {isa = PBXFileReference; lastKnownFileType = folder.assetcatalog; path = Assets.xcassets; sourceTree = "<group>"; };
		46F7A66E2B0BE9E200E53058 /* Preview Assets.xcassets */ = {isa = PBXFileReference; lastKnownFileType = folder.assetcatalog; path = "Preview Assets.xcassets"; sourceTree = "<group>"; };
		46F7A6892B0BEB9600E53058 /* BannerAdDetailView.swift */ = {isa = PBXFileReference; lastKnownFileType = sourcecode.swift; path = BannerAdDetailView.swift; sourceTree = "<group>"; };
		46F7A68B2B0BEBDE00E53058 /* NativeAdDetailView.swift */ = {isa = PBXFileReference; fileEncoding = 4; lastKnownFileType = sourcecode.swift; path = NativeAdDetailView.swift; sourceTree = "<group>"; };
		46F7A68D2B0BEBDE00E53058 /* InterstitialAdDetailView.swift */ = {isa = PBXFileReference; fileEncoding = 4; lastKnownFileType = sourcecode.swift; path = InterstitialAdDetailView.swift; sourceTree = "<group>"; };
		46F7A6912B0BEBEF00E53058 /* VideoAdDetailView.swift */ = {isa = PBXFileReference; fileEncoding = 4; lastKnownFileType = sourcecode.swift; path = VideoAdDetailView.swift; sourceTree = "<group>"; };
		4A47E79F576D1027945CC98F /* Pods_SimpleIntegrationSwiftUI.framework */ = {isa = PBXFileReference; explicitFileType = wrapper.framework; includeInIndex = 0; path = Pods_SimpleIntegrationSwiftUI.framework; sourceTree = BUILT_PRODUCTS_DIR; };
		B7C9E4E4E4CACA2F6F386354 /* Pods-SimpleIntegrationSwiftUI.debug.xcconfig */ = {isa = PBXFileReference; includeInIndex = 1; lastKnownFileType = text.xcconfig; name = "Pods-SimpleIntegrationSwiftUI.debug.xcconfig"; path = "Target Support Files/Pods-SimpleIntegrationSwiftUI/Pods-SimpleIntegrationSwiftUI.debug.xcconfig"; sourceTree = "<group>"; };
/* End PBXFileReference section */

/* Begin PBXFrameworksBuildPhase section */
		46F7A6612B0BE9E000E53058 /* Frameworks */ = {
			isa = PBXFrameworksBuildPhase;
			buildActionMask = 2147483647;
			files = (
				D2BC336069AFF68E0FCC8DE9 /* Pods_SimpleIntegrationSwiftUI.framework in Frameworks */,
			);
			runOnlyForDeploymentPostprocessing = 0;
		};
/* End PBXFrameworksBuildPhase section */

/* Begin PBXGroup section */
		46F7A65B2B0BE9E000E53058 = {
			isa = PBXGroup;
			children = (
				46F7A6662B0BE9E000E53058 /* SimpleIntegrationSwiftUI */,
				46F7A6652B0BE9E000E53058 /* Products */,
				46F7A6842B0BEA1900E53058 /* Frameworks */,
				E3F65E4007CA15C299554E0E /* Pods */,
			);
			sourceTree = "<group>";
		};
		46F7A6652B0BE9E000E53058 /* Products */ = {
			isa = PBXGroup;
			children = (
				46F7A6642B0BE9E000E53058 /* SimpleIntegrationSwiftUI.app */,
			);
			name = Products;
			sourceTree = "<group>";
		};
		46F7A6662B0BE9E000E53058 /* SimpleIntegrationSwiftUI */ = {
			isa = PBXGroup;
			children = (
				46F7A6672B0BE9E000E53058 /* SimpleIntegrationSwiftUIApp.swift */,
				46F7A6692B0BE9E000E53058 /* AdListContentView.swift */,
				46F7A6892B0BEB9600E53058 /* BannerAdDetailView.swift */,
				46F7A68D2B0BEBDE00E53058 /* InterstitialAdDetailView.swift */,
				46F7A68B2B0BEBDE00E53058 /* NativeAdDetailView.swift */,
				46334A772B13D5240077AF90 /* ANNativeAdView.swift */,
				46334A7C2B13D5250077AF90 /* ANNativeAdView.xib */,
				46F7A6912B0BEBEF00E53058 /* VideoAdDetailView.swift */,
				46F7A66B2B0BE9E200E53058 /* Assets.xcassets */,
				46F7A66D2B0BE9E200E53058 /* Preview Content */,
			);
			path = SimpleIntegrationSwiftUI;
			sourceTree = "<group>";
		};
		46F7A66D2B0BE9E200E53058 /* Preview Content */ = {
			isa = PBXGroup;
			children = (
				46F7A66E2B0BE9E200E53058 /* Preview Assets.xcassets */,
			);
			path = "Preview Content";
			sourceTree = "<group>";
		};
		46F7A6842B0BEA1900E53058 /* Frameworks */ = {
			isa = PBXGroup;
			children = (
				4A47E79F576D1027945CC98F /* Pods_SimpleIntegrationSwiftUI.framework */,
			);
			name = Frameworks;
			sourceTree = "<group>";
		};
		E3F65E4007CA15C299554E0E /* Pods */ = {
			isa = PBXGroup;
			children = (
				B7C9E4E4E4CACA2F6F386354 /* Pods-SimpleIntegrationSwiftUI.debug.xcconfig */,
				2829FF5D7E770A5982FBB47B /* Pods-SimpleIntegrationSwiftUI.release.xcconfig */,
			);
			path = Pods;
			sourceTree = "<group>";
		};
/* End PBXGroup section */

/* Begin PBXNativeTarget section */
		46F7A6632B0BE9E000E53058 /* SimpleIntegrationSwiftUI */ = {
			isa = PBXNativeTarget;
			buildConfigurationList = 46F7A6722B0BE9E200E53058 /* Build configuration list for PBXNativeTarget "SimpleIntegrationSwiftUI" */;
			buildPhases = (
				4B465C1970FFDA3E20F223BE /* [CP] Check Pods Manifest.lock */,
				46F7A6602B0BE9E000E53058 /* Sources */,
				46F7A6612B0BE9E000E53058 /* Frameworks */,
				46F7A6622B0BE9E000E53058 /* Resources */,
				46F7A6872B0BEA1900E53058 /* Embed Frameworks */,
				51924C402D890426CDA443A0 /* [CP] Embed Pods Frameworks */,
				DEAB3C842DE06614F4E0933D /* [CP] Copy Pods Resources */,
			);
			buildRules = (
			);
			dependencies = (
			);
			name = SimpleIntegrationSwiftUI;
			productName = SimpleIntegrationSwiftUI;
			productReference = 46F7A6642B0BE9E000E53058 /* SimpleIntegrationSwiftUI.app */;
			productType = "com.apple.product-type.application";
		};
/* End PBXNativeTarget section */

/* Begin PBXProject section */
		46F7A65C2B0BE9E000E53058 /* Project object */ = {
			isa = PBXProject;
			attributes = {
				BuildIndependentTargetsInParallel = 1;
				LastSwiftUpdateCheck = 1500;
				LastUpgradeCheck = 1500;
				TargetAttributes = {
					46F7A6632B0BE9E000E53058 = {
						CreatedOnToolsVersion = 15.0.1;
					};
				};
			};
			buildConfigurationList = 46F7A65F2B0BE9E000E53058 /* Build configuration list for PBXProject "SimpleIntegrationSwiftUI" */;
			compatibilityVersion = "Xcode 14.0";
			developmentRegion = en;
			hasScannedForEncodings = 0;
			knownRegions = (
				en,
				Base,
			);
			mainGroup = 46F7A65B2B0BE9E000E53058;
			productRefGroup = 46F7A6652B0BE9E000E53058 /* Products */;
			projectDirPath = "";
			projectRoot = "";
			targets = (
				46F7A6632B0BE9E000E53058 /* SimpleIntegrationSwiftUI */,
			);
		};
/* End PBXProject section */

/* Begin PBXResourcesBuildPhase section */
		46F7A6622B0BE9E000E53058 /* Resources */ = {
			isa = PBXResourcesBuildPhase;
			buildActionMask = 2147483647;
			files = (
				46F7A66F2B0BE9E200E53058 /* Preview Assets.xcassets in Resources */,
				46F7A66C2B0BE9E200E53058 /* Assets.xcassets in Resources */,
				46334A7E2B13D5250077AF90 /* ANNativeAdView.xib in Resources */,
			);
			runOnlyForDeploymentPostprocessing = 0;
		};
/* End PBXResourcesBuildPhase section */

/* Begin PBXShellScriptBuildPhase section */
		4B465C1970FFDA3E20F223BE /* [CP] Check Pods Manifest.lock */ = {
			isa = PBXShellScriptBuildPhase;
			buildActionMask = 2147483647;
			files = (
			);
			inputFileListPaths = (
			);
			inputPaths = (
				"${PODS_PODFILE_DIR_PATH}/Podfile.lock",
				"${PODS_ROOT}/Manifest.lock",
			);
			name = "[CP] Check Pods Manifest.lock";
			outputFileListPaths = (
			);
			outputPaths = (
				"$(DERIVED_FILE_DIR)/Pods-SimpleIntegrationSwiftUI-checkManifestLockResult.txt",
			);
			runOnlyForDeploymentPostprocessing = 0;
			shellPath = /bin/sh;
			shellScript = "diff \"${PODS_PODFILE_DIR_PATH}/Podfile.lock\" \"${PODS_ROOT}/Manifest.lock\" > /dev/null\nif [ $? != 0 ] ; then\n    # print error to STDERR\n    echo \"error: The sandbox is not in sync with the Podfile.lock. Run 'pod install' or update your CocoaPods installation.\" >&2\n    exit 1\nfi\n# This output is used by Xcode 'outputs' to avoid re-running this script phase.\necho \"SUCCESS\" > \"${SCRIPT_OUTPUT_FILE_0}\"\n";
			showEnvVarsInLog = 0;
		};
		51924C402D890426CDA443A0 /* [CP] Embed Pods Frameworks */ = {
			isa = PBXShellScriptBuildPhase;
			buildActionMask = 2147483647;
			files = (
			);
			inputFileListPaths = (
				"${PODS_ROOT}/Target Support Files/Pods-SimpleIntegrationSwiftUI/Pods-SimpleIntegrationSwiftUI-frameworks-${CONFIGURATION}-input-files.xcfilelist",
			);
			name = "[CP] Embed Pods Frameworks";
			outputFileListPaths = (
				"${PODS_ROOT}/Target Support Files/Pods-SimpleIntegrationSwiftUI/Pods-SimpleIntegrationSwiftUI-frameworks-${CONFIGURATION}-output-files.xcfilelist",
			);
			runOnlyForDeploymentPostprocessing = 0;
			shellPath = /bin/sh;
			shellScript = "\"${PODS_ROOT}/Target Support Files/Pods-SimpleIntegrationSwiftUI/Pods-SimpleIntegrationSwiftUI-frameworks.sh\"\n";
			showEnvVarsInLog = 0;
		};
		DEAB3C842DE06614F4E0933D /* [CP] Copy Pods Resources */ = {
			isa = PBXShellScriptBuildPhase;
			buildActionMask = 2147483647;
			files = (
			);
			inputFileListPaths = (
				"${PODS_ROOT}/Target Support Files/Pods-SimpleIntegrationSwiftUI/Pods-SimpleIntegrationSwiftUI-resources-${CONFIGURATION}-input-files.xcfilelist",
			);
			name = "[CP] Copy Pods Resources";
			outputFileListPaths = (
				"${PODS_ROOT}/Target Support Files/Pods-SimpleIntegrationSwiftUI/Pods-SimpleIntegrationSwiftUI-resources-${CONFIGURATION}-output-files.xcfilelist",
			);
			runOnlyForDeploymentPostprocessing = 0;
			shellPath = /bin/sh;
			shellScript = "\"${PODS_ROOT}/Target Support Files/Pods-SimpleIntegrationSwiftUI/Pods-SimpleIntegrationSwiftUI-resources.sh\"\n";
			showEnvVarsInLog = 0;
		};
/* End PBXShellScriptBuildPhase section */

/* Begin PBXSourcesBuildPhase section */
		46F7A6602B0BE9E000E53058 /* Sources */ = {
			isa = PBXSourcesBuildPhase;
			buildActionMask = 2147483647;
			files = (
				46F7A66A2B0BE9E000E53058 /* AdListContentView.swift in Sources */,
				46F7A68E2B0BEBDE00E53058 /* NativeAdDetailView.swift in Sources */,
				46F7A6682B0BE9E000E53058 /* SimpleIntegrationSwiftUIApp.swift in Sources */,
				46F7A6922B0BEBEF00E53058 /* VideoAdDetailView.swift in Sources */,
				46F7A6902B0BEBDE00E53058 /* InterstitialAdDetailView.swift in Sources */,
				46334A7D2B13D5250077AF90 /* ANNativeAdView.swift in Sources */,
				46F7A68A2B0BEB9600E53058 /* BannerAdDetailView.swift in Sources */,
			);
			runOnlyForDeploymentPostprocessing = 0;
		};
/* End PBXSourcesBuildPhase section */

/* Begin XCBuildConfiguration section */
		46F7A6702B0BE9E200E53058 /* Debug */ = {
			isa = XCBuildConfiguration;
			buildSettings = {
				ALWAYS_SEARCH_USER_PATHS = NO;
				ASSETCATALOG_COMPILER_GENERATE_SWIFT_ASSET_SYMBOL_EXTENSIONS = YES;
				CLANG_ANALYZER_NONNULL = YES;
				CLANG_ANALYZER_NUMBER_OBJECT_CONVERSION = YES_AGGRESSIVE;
				CLANG_CXX_LANGUAGE_STANDARD = "gnu++20";
				CLANG_ENABLE_MODULES = YES;
				CLANG_ENABLE_OBJC_ARC = YES;
				CLANG_ENABLE_OBJC_WEAK = YES;
				CLANG_WARN_BLOCK_CAPTURE_AUTORELEASING = YES;
				CLANG_WARN_BOOL_CONVERSION = YES;
				CLANG_WARN_COMMA = YES;
				CLANG_WARN_CONSTANT_CONVERSION = YES;
				CLANG_WARN_DEPRECATED_OBJC_IMPLEMENTATIONS = YES;
				CLANG_WARN_DIRECT_OBJC_ISA_USAGE = YES_ERROR;
				CLANG_WARN_DOCUMENTATION_COMMENTS = YES;
				CLANG_WARN_EMPTY_BODY = YES;
				CLANG_WARN_ENUM_CONVERSION = YES;
				CLANG_WARN_INFINITE_RECURSION = YES;
				CLANG_WARN_INT_CONVERSION = YES;
				CLANG_WARN_NON_LITERAL_NULL_CONVERSION = YES;
				CLANG_WARN_OBJC_IMPLICIT_RETAIN_SELF = YES;
				CLANG_WARN_OBJC_LITERAL_CONVERSION = YES;
				CLANG_WARN_OBJC_ROOT_CLASS = YES_ERROR;
				CLANG_WARN_QUOTED_INCLUDE_IN_FRAMEWORK_HEADER = YES;
				CLANG_WARN_RANGE_LOOP_ANALYSIS = YES;
				CLANG_WARN_STRICT_PROTOTYPES = YES;
				CLANG_WARN_SUSPICIOUS_MOVE = YES;
				CLANG_WARN_UNGUARDED_AVAILABILITY = YES_AGGRESSIVE;
				CLANG_WARN_UNREACHABLE_CODE = YES;
				CLANG_WARN__DUPLICATE_METHOD_MATCH = YES;
				COPY_PHASE_STRIP = NO;
				DEBUG_INFORMATION_FORMAT = dwarf;
				ENABLE_STRICT_OBJC_MSGSEND = YES;
				ENABLE_TESTABILITY = YES;
				ENABLE_USER_SCRIPT_SANDBOXING = YES;
				GCC_C_LANGUAGE_STANDARD = gnu17;
				GCC_DYNAMIC_NO_PIC = NO;
				GCC_NO_COMMON_BLOCKS = YES;
				GCC_OPTIMIZATION_LEVEL = 0;
				GCC_PREPROCESSOR_DEFINITIONS = (
					"DEBUG=1",
					"$(inherited)",
				);
				GCC_WARN_64_TO_32_BIT_CONVERSION = YES;
				GCC_WARN_ABOUT_RETURN_TYPE = YES_ERROR;
				GCC_WARN_UNDECLARED_SELECTOR = YES;
				GCC_WARN_UNINITIALIZED_AUTOS = YES_AGGRESSIVE;
				GCC_WARN_UNUSED_FUNCTION = YES;
				GCC_WARN_UNUSED_VARIABLE = YES;
				IPHONEOS_DEPLOYMENT_TARGET = 15.0;
				LOCALIZATION_PREFERS_STRING_CATALOGS = YES;
				MTL_ENABLE_DEBUG_INFO = INCLUDE_SOURCE;
				MTL_FAST_MATH = YES;
				ONLY_ACTIVE_ARCH = YES;
				SDKROOT = iphoneos;
				SWIFT_ACTIVE_COMPILATION_CONDITIONS = "DEBUG $(inherited)";
				SWIFT_OPTIMIZATION_LEVEL = "-Onone";
			};
			name = Debug;
		};
		46F7A6712B0BE9E200E53058 /* Release */ = {
			isa = XCBuildConfiguration;
			buildSettings = {
				ALWAYS_SEARCH_USER_PATHS = NO;
				ASSETCATALOG_COMPILER_GENERATE_SWIFT_ASSET_SYMBOL_EXTENSIONS = YES;
				CLANG_ANALYZER_NONNULL = YES;
				CLANG_ANALYZER_NUMBER_OBJECT_CONVERSION = YES_AGGRESSIVE;
				CLANG_CXX_LANGUAGE_STANDARD = "gnu++20";
				CLANG_ENABLE_MODULES = YES;
				CLANG_ENABLE_OBJC_ARC = YES;
				CLANG_ENABLE_OBJC_WEAK = YES;
				CLANG_WARN_BLOCK_CAPTURE_AUTORELEASING = YES;
				CLANG_WARN_BOOL_CONVERSION = YES;
				CLANG_WARN_COMMA = YES;
				CLANG_WARN_CONSTANT_CONVERSION = YES;
				CLANG_WARN_DEPRECATED_OBJC_IMPLEMENTATIONS = YES;
				CLANG_WARN_DIRECT_OBJC_ISA_USAGE = YES_ERROR;
				CLANG_WARN_DOCUMENTATION_COMMENTS = YES;
				CLANG_WARN_EMPTY_BODY = YES;
				CLANG_WARN_ENUM_CONVERSION = YES;
				CLANG_WARN_INFINITE_RECURSION = YES;
				CLANG_WARN_INT_CONVERSION = YES;
				CLANG_WARN_NON_LITERAL_NULL_CONVERSION = YES;
				CLANG_WARN_OBJC_IMPLICIT_RETAIN_SELF = YES;
				CLANG_WARN_OBJC_LITERAL_CONVERSION = YES;
				CLANG_WARN_OBJC_ROOT_CLASS = YES_ERROR;
				CLANG_WARN_QUOTED_INCLUDE_IN_FRAMEWORK_HEADER = YES;
				CLANG_WARN_RANGE_LOOP_ANALYSIS = YES;
				CLANG_WARN_STRICT_PROTOTYPES = YES;
				CLANG_WARN_SUSPICIOUS_MOVE = YES;
				CLANG_WARN_UNGUARDED_AVAILABILITY = YES_AGGRESSIVE;
				CLANG_WARN_UNREACHABLE_CODE = YES;
				CLANG_WARN__DUPLICATE_METHOD_MATCH = YES;
				COPY_PHASE_STRIP = NO;
				DEBUG_INFORMATION_FORMAT = "dwarf-with-dsym";
				ENABLE_NS_ASSERTIONS = NO;
				ENABLE_STRICT_OBJC_MSGSEND = YES;
				ENABLE_USER_SCRIPT_SANDBOXING = YES;
				GCC_C_LANGUAGE_STANDARD = gnu17;
				GCC_NO_COMMON_BLOCKS = YES;
				GCC_WARN_64_TO_32_BIT_CONVERSION = YES;
				GCC_WARN_ABOUT_RETURN_TYPE = YES_ERROR;
				GCC_WARN_UNDECLARED_SELECTOR = YES;
				GCC_WARN_UNINITIALIZED_AUTOS = YES_AGGRESSIVE;
				GCC_WARN_UNUSED_FUNCTION = YES;
				GCC_WARN_UNUSED_VARIABLE = YES;
				IPHONEOS_DEPLOYMENT_TARGET = 15.0;
				LOCALIZATION_PREFERS_STRING_CATALOGS = YES;
				MTL_ENABLE_DEBUG_INFO = NO;
				MTL_FAST_MATH = YES;
				SDKROOT = iphoneos;
				SWIFT_COMPILATION_MODE = wholemodule;
				VALIDATE_PRODUCT = YES;
			};
			name = Release;
		};
		46F7A6732B0BE9E200E53058 /* Debug */ = {
			isa = XCBuildConfiguration;
			baseConfigurationReference = B7C9E4E4E4CACA2F6F386354 /* Pods-SimpleIntegrationSwiftUI.debug.xcconfig */;
			buildSettings = {
				ASSETCATALOG_COMPILER_APPICON_NAME = AppIcon;
				ASSETCATALOG_COMPILER_GLOBAL_ACCENT_COLOR_NAME = AccentColor;
				CODE_SIGN_STYLE = Automatic;
				CURRENT_PROJECT_VERSION = 1;
				DEVELOPMENT_ASSET_PATHS = "\"SimpleIntegrationSwiftUI/Preview Content\"";
				DEVELOPMENT_TEAM = X9C48RNUJC;
				ENABLE_PREVIEWS = YES;
				ENABLE_USER_SCRIPT_SANDBOXING = NO;
				GENERATE_INFOPLIST_FILE = YES;
				INFOPLIST_KEY_UIApplicationSceneManifest_Generation = YES;
				INFOPLIST_KEY_UIApplicationSupportsIndirectInputEvents = YES;
				INFOPLIST_KEY_UILaunchScreen_Generation = YES;
				INFOPLIST_KEY_UISupportedInterfaceOrientations_iPad = "UIInterfaceOrientationPortrait UIInterfaceOrientationPortraitUpsideDown UIInterfaceOrientationLandscapeLeft UIInterfaceOrientationLandscapeRight";
				INFOPLIST_KEY_UISupportedInterfaceOrientations_iPhone = "UIInterfaceOrientationPortrait UIInterfaceOrientationLandscapeLeft UIInterfaceOrientationLandscapeRight";
				IPHONEOS_DEPLOYMENT_TARGET = 15.0;
				LD_RUNPATH_SEARCH_PATHS = (
					"$(inherited)",
					"@executable_path/Frameworks",
				);
				MARKETING_VERSION = 1.0;
				PRODUCT_BUNDLE_IDENTIFIER = com.ms.SimpleIntegrationSwiftUI;
				PRODUCT_NAME = "$(TARGET_NAME)";
				SWIFT_EMIT_LOC_STRINGS = YES;
				SWIFT_VERSION = 5.0;
				TARGETED_DEVICE_FAMILY = "1,2";
			};
			name = Debug;
		};
		46F7A6742B0BE9E200E53058 /* Release */ = {
			isa = XCBuildConfiguration;
			baseConfigurationReference = 2829FF5D7E770A5982FBB47B /* Pods-SimpleIntegrationSwiftUI.release.xcconfig */;
			buildSettings = {
				ASSETCATALOG_COMPILER_APPICON_NAME = AppIcon;
				ASSETCATALOG_COMPILER_GLOBAL_ACCENT_COLOR_NAME = AccentColor;
				CODE_SIGN_STYLE = Automatic;
				CURRENT_PROJECT_VERSION = 1;
				DEVELOPMENT_ASSET_PATHS = "\"SimpleIntegrationSwiftUI/Preview Content\"";
				DEVELOPMENT_TEAM = X9C48RNUJC;
				ENABLE_PREVIEWS = YES;
				ENABLE_USER_SCRIPT_SANDBOXING = NO;
				GENERATE_INFOPLIST_FILE = YES;
				INFOPLIST_KEY_UIApplicationSceneManifest_Generation = YES;
				INFOPLIST_KEY_UIApplicationSupportsIndirectInputEvents = YES;
				INFOPLIST_KEY_UILaunchScreen_Generation = YES;
				INFOPLIST_KEY_UISupportedInterfaceOrientations_iPad = "UIInterfaceOrientationPortrait UIInterfaceOrientationPortraitUpsideDown UIInterfaceOrientationLandscapeLeft UIInterfaceOrientationLandscapeRight";
				INFOPLIST_KEY_UISupportedInterfaceOrientations_iPhone = "UIInterfaceOrientationPortrait UIInterfaceOrientationLandscapeLeft UIInterfaceOrientationLandscapeRight";
				IPHONEOS_DEPLOYMENT_TARGET = 15.0;
				LD_RUNPATH_SEARCH_PATHS = (
					"$(inherited)",
					"@executable_path/Frameworks",
				);
				MARKETING_VERSION = 1.0;
				PRODUCT_BUNDLE_IDENTIFIER = com.ms.SimpleIntegrationSwiftUI;
				PRODUCT_NAME = "$(TARGET_NAME)";
				SWIFT_EMIT_LOC_STRINGS = YES;
				SWIFT_VERSION = 5.0;
				TARGETED_DEVICE_FAMILY = "1,2";
			};
			name = Release;
		};
/* End XCBuildConfiguration section */

/* Begin XCConfigurationList section */
		46F7A65F2B0BE9E000E53058 /* Build configuration list for PBXProject "SimpleIntegrationSwiftUI" */ = {
			isa = XCConfigurationList;
			buildConfigurations = (
				46F7A6702B0BE9E200E53058 /* Debug */,
				46F7A6712B0BE9E200E53058 /* Release */,
			);
			defaultConfigurationIsVisible = 0;
			defaultConfigurationName = Release;
		};
		46F7A6722B0BE9E200E53058 /* Build configuration list for PBXNativeTarget "SimpleIntegrationSwiftUI" */ = {
			isa = XCConfigurationList;
			buildConfigurations = (
				46F7A6732B0BE9E200E53058 /* Debug */,
				46F7A6742B0BE9E200E53058 /* Release */,
			);
			defaultConfigurationIsVisible = 0;
			defaultConfigurationName = Release;
		};
/* End XCConfigurationList section */
	};
	rootObject = 46F7A65C2B0BE9E000E53058 /* Project object */;
}
